
Microsoft Visual Studio Solution File, Format Version 12.00
# Visual Studio 15
VisualStudioVersion = 15.0.28307.539
MinimumVisualStudioVersion = 10.0.40219.1
Project("{2150E333-8FDC-42A3-9474-1A3956D46DE8}") = "Tests", "Tests", "{41235BFE-12E5-4BFA-878F-FE81493808A2}"
EndProject
Project("{9A19103F-16F7-4668-BE54-9A1E7A4F7556}") = "Tests.Services", "Tests\Tests.Services.csproj", "{1DFFCA41-416D-491C-BD1B-0C927E3D024B}"
EndProject
Project("{2150E333-8FDC-42A3-9474-1A3956D46DE8}") = "Core", "Core", "{CDDD9413-3366-4E5B-8DC2-62D36875E5F9}"
EndProject
Project("{2150E333-8FDC-42A3-9474-1A3956D46DE8}") = "Web", "Web", "{1DACC75F-0497-4374-9C0D-19E9BFBBCE27}"
EndProject
Project("{9A19103F-16F7-4668-BE54-9A1E7A4F7556}") = "Api", "Web\Api\Api.csproj", "{B51398D9-675D-47F3-969F-7F4155890FE5}"
EndProject
Project("{9A19103F-16F7-4668-BE54-9A1E7A4F7556}") = "SecureTokenProvider", "Web\SecureTokenProvider\SecureTokenProvider.csproj", "{6B7B5496-562A-4729-B712-24EC94C69D32}"
EndProject
Project("{2150E333-8FDC-42A3-9474-1A3956D46DE8}") = "Mobile", "Mobile", "{29ED4A47-0C80-4E62-AFF1-2AC276383E38}"
EndProject
Project("{FAE04EC0-301F-11D3-BF4B-00C04F79EFBC}") = "Mobile.Android", "Mobile\Mobile.Android\Mobile.Android.csproj", "{96990D4B-030B-4F9A-B0CF-1E45F738CC82}"
EndProject
Project("{FAE04EC0-301F-11D3-BF4B-00C04F79EFBC}") = "Mobile.iOS", "Mobile\Mobile.iOS\Mobile.iOS.csproj", "{DE93A48B-5FD7-421D-8C22-D14AC24AC634}"
EndProject
Project("{9A19103F-16F7-4668-BE54-9A1E7A4F7556}") = "Mobile.Shared", "Mobile\Mobile.Shared\Mobile.Shared.csproj", "{1FFFC914-9C83-42DD-A541-66C254079761}"
EndProject
Project("{9A19103F-16F7-4668-BE54-9A1E7A4F7556}") = "Data", "Data\Data.csproj", "{C0E10E5C-F170-437F-9ABE-E57D7E1CCBE1}"
EndProject
Project("{9A19103F-16F7-4668-BE54-9A1E7A4F7556}") = "Entities", "Entities\Entities.csproj", "{3F56A05E-E28E-4474-9525-CB2C5A66F811}"
EndProject
Project("{9A19103F-16F7-4668-BE54-9A1E7A4F7556}") = "Services", "Services\Services.csproj", "{86BC483B-0D89-463A-B7BF-4F7AD53989A9}"
EndProject
Project("{2150E333-8FDC-42A3-9474-1A3956D46DE8}") = "Embedded", "Embedded", "{7295C492-60BC-4CCD-9708-451E5F7B1DFD}"
EndProject
Project("{FAE04EC0-301F-11D3-BF4B-00C04F79EFBC}") = "ControlUnit", "ControlUnit\ControlUnit.csproj", "{42DD3B3A-A933-4B8B-8DEB-AA3777E8EC51}"
EndProject
Global
	GlobalSection(SolutionConfigurationPlatforms) = preSolution
		Ad-Hoc|Any CPU = Ad-Hoc|Any CPU
		Ad-Hoc|ARM = Ad-Hoc|ARM
		Ad-Hoc|ARM64 = Ad-Hoc|ARM64
		Ad-Hoc|iPhone = Ad-Hoc|iPhone
		Ad-Hoc|iPhoneSimulator = Ad-Hoc|iPhoneSimulator
		Ad-Hoc|x64 = Ad-Hoc|x64
		Ad-Hoc|x86 = Ad-Hoc|x86
		AppStore|Any CPU = AppStore|Any CPU
		AppStore|ARM = AppStore|ARM
		AppStore|ARM64 = AppStore|ARM64
		AppStore|iPhone = AppStore|iPhone
		AppStore|iPhoneSimulator = AppStore|iPhoneSimulator
		AppStore|x64 = AppStore|x64
		AppStore|x86 = AppStore|x86
		Debug|Any CPU = Debug|Any CPU
		Debug|ARM = Debug|ARM
		Debug|ARM64 = Debug|ARM64
		Debug|iPhone = Debug|iPhone
		Debug|iPhoneSimulator = Debug|iPhoneSimulator
		Debug|x64 = Debug|x64
		Debug|x86 = Debug|x86
		Release|Any CPU = Release|Any CPU
		Release|ARM = Release|ARM
		Release|ARM64 = Release|ARM64
		Release|iPhone = Release|iPhone
		Release|iPhoneSimulator = Release|iPhoneSimulator
		Release|x64 = Release|x64
		Release|x86 = Release|x86
	EndGlobalSection
	GlobalSection(ProjectConfigurationPlatforms) = postSolution
		{1DFFCA41-416D-491C-BD1B-0C927E3D024B}.Ad-Hoc|Any CPU.ActiveCfg = Release|Any CPU
		{1DFFCA41-416D-491C-BD1B-0C927E3D024B}.Ad-Hoc|Any CPU.Build.0 = Release|Any CPU
		{1DFFCA41-416D-491C-BD1B-0C927E3D024B}.Ad-Hoc|ARM.ActiveCfg = Debug|Any CPU
		{1DFFCA41-416D-491C-BD1B-0C927E3D024B}.Ad-Hoc|ARM.Build.0 = Debug|Any CPU
		{1DFFCA41-416D-491C-BD1B-0C927E3D024B}.Ad-Hoc|ARM64.ActiveCfg = Debug|Any CPU
		{1DFFCA41-416D-491C-BD1B-0C927E3D024B}.Ad-Hoc|ARM64.Build.0 = Debug|Any CPU
		{1DFFCA41-416D-491C-BD1B-0C927E3D024B}.Ad-Hoc|iPhone.ActiveCfg = Release|Any CPU
		{1DFFCA41-416D-491C-BD1B-0C927E3D024B}.Ad-Hoc|iPhone.Build.0 = Release|Any CPU
		{1DFFCA41-416D-491C-BD1B-0C927E3D024B}.Ad-Hoc|iPhoneSimulator.ActiveCfg = Release|Any CPU
		{1DFFCA41-416D-491C-BD1B-0C927E3D024B}.Ad-Hoc|iPhoneSimulator.Build.0 = Release|Any CPU
		{1DFFCA41-416D-491C-BD1B-0C927E3D024B}.Ad-Hoc|x64.ActiveCfg = Debug|Any CPU
		{1DFFCA41-416D-491C-BD1B-0C927E3D024B}.Ad-Hoc|x64.Build.0 = Debug|Any CPU
		{1DFFCA41-416D-491C-BD1B-0C927E3D024B}.Ad-Hoc|x86.ActiveCfg = Debug|Any CPU
		{1DFFCA41-416D-491C-BD1B-0C927E3D024B}.Ad-Hoc|x86.Build.0 = Debug|Any CPU
		{1DFFCA41-416D-491C-BD1B-0C927E3D024B}.AppStore|Any CPU.ActiveCfg = Release|Any CPU
		{1DFFCA41-416D-491C-BD1B-0C927E3D024B}.AppStore|Any CPU.Build.0 = Release|Any CPU
		{1DFFCA41-416D-491C-BD1B-0C927E3D024B}.AppStore|ARM.ActiveCfg = Debug|Any CPU
		{1DFFCA41-416D-491C-BD1B-0C927E3D024B}.AppStore|ARM.Build.0 = Debug|Any CPU
		{1DFFCA41-416D-491C-BD1B-0C927E3D024B}.AppStore|ARM64.ActiveCfg = Debug|Any CPU
		{1DFFCA41-416D-491C-BD1B-0C927E3D024B}.AppStore|ARM64.Build.0 = Debug|Any CPU
		{1DFFCA41-416D-491C-BD1B-0C927E3D024B}.AppStore|iPhone.ActiveCfg = Release|Any CPU
		{1DFFCA41-416D-491C-BD1B-0C927E3D024B}.AppStore|iPhone.Build.0 = Release|Any CPU
		{1DFFCA41-416D-491C-BD1B-0C927E3D024B}.AppStore|iPhoneSimulator.ActiveCfg = Release|Any CPU
		{1DFFCA41-416D-491C-BD1B-0C927E3D024B}.AppStore|iPhoneSimulator.Build.0 = Release|Any CPU
		{1DFFCA41-416D-491C-BD1B-0C927E3D024B}.AppStore|x64.ActiveCfg = Debug|Any CPU
		{1DFFCA41-416D-491C-BD1B-0C927E3D024B}.AppStore|x64.Build.0 = Debug|Any CPU
		{1DFFCA41-416D-491C-BD1B-0C927E3D024B}.AppStore|x86.ActiveCfg = Debug|Any CPU
		{1DFFCA41-416D-491C-BD1B-0C927E3D024B}.AppStore|x86.Build.0 = Debug|Any CPU
		{1DFFCA41-416D-491C-BD1B-0C927E3D024B}.Debug|Any CPU.ActiveCfg = Debug|Any CPU
		{1DFFCA41-416D-491C-BD1B-0C927E3D024B}.Debug|Any CPU.Build.0 = Debug|Any CPU
		{1DFFCA41-416D-491C-BD1B-0C927E3D024B}.Debug|ARM.ActiveCfg = Debug|Any CPU
		{1DFFCA41-416D-491C-BD1B-0C927E3D024B}.Debug|ARM.Build.0 = Debug|Any CPU
		{1DFFCA41-416D-491C-BD1B-0C927E3D024B}.Debug|ARM64.ActiveCfg = Debug|Any CPU
		{1DFFCA41-416D-491C-BD1B-0C927E3D024B}.Debug|ARM64.Build.0 = Debug|Any CPU
		{1DFFCA41-416D-491C-BD1B-0C927E3D024B}.Debug|iPhone.ActiveCfg = Debug|Any CPU
		{1DFFCA41-416D-491C-BD1B-0C927E3D024B}.Debug|iPhone.Build.0 = Debug|Any CPU
		{1DFFCA41-416D-491C-BD1B-0C927E3D024B}.Debug|iPhoneSimulator.ActiveCfg = Debug|Any CPU
		{1DFFCA41-416D-491C-BD1B-0C927E3D024B}.Debug|iPhoneSimulator.Build.0 = Debug|Any CPU
		{1DFFCA41-416D-491C-BD1B-0C927E3D024B}.Debug|x64.ActiveCfg = Debug|Any CPU
		{1DFFCA41-416D-491C-BD1B-0C927E3D024B}.Debug|x64.Build.0 = Debug|Any CPU
		{1DFFCA41-416D-491C-BD1B-0C927E3D024B}.Debug|x86.ActiveCfg = Debug|Any CPU
		{1DFFCA41-416D-491C-BD1B-0C927E3D024B}.Debug|x86.Build.0 = Debug|Any CPU
		{1DFFCA41-416D-491C-BD1B-0C927E3D024B}.Release|Any CPU.ActiveCfg = Release|Any CPU
		{1DFFCA41-416D-491C-BD1B-0C927E3D024B}.Release|Any CPU.Build.0 = Release|Any CPU
		{1DFFCA41-416D-491C-BD1B-0C927E3D024B}.Release|ARM.ActiveCfg = Release|Any CPU
		{1DFFCA41-416D-491C-BD1B-0C927E3D024B}.Release|ARM.Build.0 = Release|Any CPU
		{1DFFCA41-416D-491C-BD1B-0C927E3D024B}.Release|ARM64.ActiveCfg = Release|Any CPU
		{1DFFCA41-416D-491C-BD1B-0C927E3D024B}.Release|ARM64.Build.0 = Release|Any CPU
		{1DFFCA41-416D-491C-BD1B-0C927E3D024B}.Release|iPhone.ActiveCfg = Release|Any CPU
		{1DFFCA41-416D-491C-BD1B-0C927E3D024B}.Release|iPhone.Build.0 = Release|Any CPU
		{1DFFCA41-416D-491C-BD1B-0C927E3D024B}.Release|iPhoneSimulator.ActiveCfg = Release|Any CPU
		{1DFFCA41-416D-491C-BD1B-0C927E3D024B}.Release|iPhoneSimulator.Build.0 = Release|Any CPU
		{1DFFCA41-416D-491C-BD1B-0C927E3D024B}.Release|x64.ActiveCfg = Release|Any CPU
		{1DFFCA41-416D-491C-BD1B-0C927E3D024B}.Release|x64.Build.0 = Release|Any CPU
		{1DFFCA41-416D-491C-BD1B-0C927E3D024B}.Release|x86.ActiveCfg = Release|Any CPU
		{1DFFCA41-416D-491C-BD1B-0C927E3D024B}.Release|x86.Build.0 = Release|Any CPU
		{B51398D9-675D-47F3-969F-7F4155890FE5}.Ad-Hoc|Any CPU.ActiveCfg = Debug|Any CPU
		{B51398D9-675D-47F3-969F-7F4155890FE5}.Ad-Hoc|Any CPU.Build.0 = Debug|Any CPU
		{B51398D9-675D-47F3-969F-7F4155890FE5}.Ad-Hoc|ARM.ActiveCfg = Release|Any CPU
		{B51398D9-675D-47F3-969F-7F4155890FE5}.Ad-Hoc|ARM.Build.0 = Release|Any CPU
		{B51398D9-675D-47F3-969F-7F4155890FE5}.Ad-Hoc|ARM64.ActiveCfg = Release|Any CPU
		{B51398D9-675D-47F3-969F-7F4155890FE5}.Ad-Hoc|ARM64.Build.0 = Release|Any CPU
		{B51398D9-675D-47F3-969F-7F4155890FE5}.Ad-Hoc|iPhone.ActiveCfg = Debug|Any CPU
		{B51398D9-675D-47F3-969F-7F4155890FE5}.Ad-Hoc|iPhone.Build.0 = Debug|Any CPU
		{B51398D9-675D-47F3-969F-7F4155890FE5}.Ad-Hoc|iPhoneSimulator.ActiveCfg = Debug|Any CPU
		{B51398D9-675D-47F3-969F-7F4155890FE5}.Ad-Hoc|iPhoneSimulator.Build.0 = Debug|Any CPU
		{B51398D9-675D-47F3-969F-7F4155890FE5}.Ad-Hoc|x64.ActiveCfg = Release|Any CPU
		{B51398D9-675D-47F3-969F-7F4155890FE5}.Ad-Hoc|x64.Build.0 = Release|Any CPU
		{B51398D9-675D-47F3-969F-7F4155890FE5}.Ad-Hoc|x86.ActiveCfg = Release|Any CPU
		{B51398D9-675D-47F3-969F-7F4155890FE5}.Ad-Hoc|x86.Build.0 = Release|Any CPU
		{B51398D9-675D-47F3-969F-7F4155890FE5}.AppStore|Any CPU.ActiveCfg = Debug|Any CPU
		{B51398D9-675D-47F3-969F-7F4155890FE5}.AppStore|Any CPU.Build.0 = Debug|Any CPU
		{B51398D9-675D-47F3-969F-7F4155890FE5}.AppStore|ARM.ActiveCfg = Release|Any CPU
		{B51398D9-675D-47F3-969F-7F4155890FE5}.AppStore|ARM.Build.0 = Release|Any CPU
		{B51398D9-675D-47F3-969F-7F4155890FE5}.AppStore|ARM64.ActiveCfg = Release|Any CPU
		{B51398D9-675D-47F3-969F-7F4155890FE5}.AppStore|ARM64.Build.0 = Release|Any CPU
		{B51398D9-675D-47F3-969F-7F4155890FE5}.AppStore|iPhone.ActiveCfg = Debug|Any CPU
		{B51398D9-675D-47F3-969F-7F4155890FE5}.AppStore|iPhone.Build.0 = Debug|Any CPU
		{B51398D9-675D-47F3-969F-7F4155890FE5}.AppStore|iPhoneSimulator.ActiveCfg = Debug|Any CPU
		{B51398D9-675D-47F3-969F-7F4155890FE5}.AppStore|iPhoneSimulator.Build.0 = Debug|Any CPU
		{B51398D9-675D-47F3-969F-7F4155890FE5}.AppStore|x64.ActiveCfg = Release|Any CPU
		{B51398D9-675D-47F3-969F-7F4155890FE5}.AppStore|x64.Build.0 = Release|Any CPU
		{B51398D9-675D-47F3-969F-7F4155890FE5}.AppStore|x86.ActiveCfg = Release|Any CPU
		{B51398D9-675D-47F3-969F-7F4155890FE5}.AppStore|x86.Build.0 = Release|Any CPU
		{B51398D9-675D-47F3-969F-7F4155890FE5}.Debug|Any CPU.ActiveCfg = Debug|Any CPU
		{B51398D9-675D-47F3-969F-7F4155890FE5}.Debug|Any CPU.Build.0 = Debug|Any CPU
		{B51398D9-675D-47F3-969F-7F4155890FE5}.Debug|ARM.ActiveCfg = Debug|Any CPU
		{B51398D9-675D-47F3-969F-7F4155890FE5}.Debug|ARM.Build.0 = Debug|Any CPU
		{B51398D9-675D-47F3-969F-7F4155890FE5}.Debug|ARM64.ActiveCfg = Debug|Any CPU
		{B51398D9-675D-47F3-969F-7F4155890FE5}.Debug|ARM64.Build.0 = Debug|Any CPU
		{B51398D9-675D-47F3-969F-7F4155890FE5}.Debug|iPhone.ActiveCfg = Debug|Any CPU
		{B51398D9-675D-47F3-969F-7F4155890FE5}.Debug|iPhone.Build.0 = Debug|Any CPU
		{B51398D9-675D-47F3-969F-7F4155890FE5}.Debug|iPhoneSimulator.ActiveCfg = Debug|Any CPU
		{B51398D9-675D-47F3-969F-7F4155890FE5}.Debug|iPhoneSimulator.Build.0 = Debug|Any CPU
		{B51398D9-675D-47F3-969F-7F4155890FE5}.Debug|x64.ActiveCfg = Debug|Any CPU
		{B51398D9-675D-47F3-969F-7F4155890FE5}.Debug|x64.Build.0 = Debug|Any CPU
		{B51398D9-675D-47F3-969F-7F4155890FE5}.Debug|x86.ActiveCfg = Debug|Any CPU
		{B51398D9-675D-47F3-969F-7F4155890FE5}.Debug|x86.Build.0 = Debug|Any CPU
		{B51398D9-675D-47F3-969F-7F4155890FE5}.Release|Any CPU.ActiveCfg = Release|Any CPU
		{B51398D9-675D-47F3-969F-7F4155890FE5}.Release|Any CPU.Build.0 = Release|Any CPU
		{B51398D9-675D-47F3-969F-7F4155890FE5}.Release|ARM.ActiveCfg = Release|Any CPU
		{B51398D9-675D-47F3-969F-7F4155890FE5}.Release|ARM.Build.0 = Release|Any CPU
		{B51398D9-675D-47F3-969F-7F4155890FE5}.Release|ARM64.ActiveCfg = Release|Any CPU
		{B51398D9-675D-47F3-969F-7F4155890FE5}.Release|ARM64.Build.0 = Release|Any CPU
		{B51398D9-675D-47F3-969F-7F4155890FE5}.Release|iPhone.ActiveCfg = Release|Any CPU
		{B51398D9-675D-47F3-969F-7F4155890FE5}.Release|iPhone.Build.0 = Release|Any CPU
		{B51398D9-675D-47F3-969F-7F4155890FE5}.Release|iPhoneSimulator.ActiveCfg = Release|Any CPU
		{B51398D9-675D-47F3-969F-7F4155890FE5}.Release|iPhoneSimulator.Build.0 = Release|Any CPU
		{B51398D9-675D-47F3-969F-7F4155890FE5}.Release|x64.ActiveCfg = Release|Any CPU
		{B51398D9-675D-47F3-969F-7F4155890FE5}.Release|x64.Build.0 = Release|Any CPU
		{B51398D9-675D-47F3-969F-7F4155890FE5}.Release|x86.ActiveCfg = Release|Any CPU
		{B51398D9-675D-47F3-969F-7F4155890FE5}.Release|x86.Build.0 = Release|Any CPU
		{6B7B5496-562A-4729-B712-24EC94C69D32}.Ad-Hoc|Any CPU.ActiveCfg = Debug|Any CPU
		{6B7B5496-562A-4729-B712-24EC94C69D32}.Ad-Hoc|Any CPU.Build.0 = Debug|Any CPU
		{6B7B5496-562A-4729-B712-24EC94C69D32}.Ad-Hoc|ARM.ActiveCfg = Release|Any CPU
		{6B7B5496-562A-4729-B712-24EC94C69D32}.Ad-Hoc|ARM.Build.0 = Release|Any CPU
		{6B7B5496-562A-4729-B712-24EC94C69D32}.Ad-Hoc|ARM64.ActiveCfg = Release|Any CPU
		{6B7B5496-562A-4729-B712-24EC94C69D32}.Ad-Hoc|ARM64.Build.0 = Release|Any CPU
		{6B7B5496-562A-4729-B712-24EC94C69D32}.Ad-Hoc|iPhone.ActiveCfg = Debug|Any CPU
		{6B7B5496-562A-4729-B712-24EC94C69D32}.Ad-Hoc|iPhone.Build.0 = Debug|Any CPU
		{6B7B5496-562A-4729-B712-24EC94C69D32}.Ad-Hoc|iPhoneSimulator.ActiveCfg = Debug|Any CPU
		{6B7B5496-562A-4729-B712-24EC94C69D32}.Ad-Hoc|iPhoneSimulator.Build.0 = Debug|Any CPU
		{6B7B5496-562A-4729-B712-24EC94C69D32}.Ad-Hoc|x64.ActiveCfg = Release|Any CPU
		{6B7B5496-562A-4729-B712-24EC94C69D32}.Ad-Hoc|x64.Build.0 = Release|Any CPU
		{6B7B5496-562A-4729-B712-24EC94C69D32}.Ad-Hoc|x86.ActiveCfg = Release|Any CPU
		{6B7B5496-562A-4729-B712-24EC94C69D32}.Ad-Hoc|x86.Build.0 = Release|Any CPU
		{6B7B5496-562A-4729-B712-24EC94C69D32}.AppStore|Any CPU.ActiveCfg = Debug|Any CPU
		{6B7B5496-562A-4729-B712-24EC94C69D32}.AppStore|Any CPU.Build.0 = Debug|Any CPU
		{6B7B5496-562A-4729-B712-24EC94C69D32}.AppStore|ARM.ActiveCfg = Release|Any CPU
		{6B7B5496-562A-4729-B712-24EC94C69D32}.AppStore|ARM.Build.0 = Release|Any CPU
		{6B7B5496-562A-4729-B712-24EC94C69D32}.AppStore|ARM64.ActiveCfg = Release|Any CPU
		{6B7B5496-562A-4729-B712-24EC94C69D32}.AppStore|ARM64.Build.0 = Release|Any CPU
		{6B7B5496-562A-4729-B712-24EC94C69D32}.AppStore|iPhone.ActiveCfg = Debug|Any CPU
		{6B7B5496-562A-4729-B712-24EC94C69D32}.AppStore|iPhone.Build.0 = Debug|Any CPU
		{6B7B5496-562A-4729-B712-24EC94C69D32}.AppStore|iPhoneSimulator.ActiveCfg = Debug|Any CPU
		{6B7B5496-562A-4729-B712-24EC94C69D32}.AppStore|iPhoneSimulator.Build.0 = Debug|Any CPU
		{6B7B5496-562A-4729-B712-24EC94C69D32}.AppStore|x64.ActiveCfg = Release|Any CPU
		{6B7B5496-562A-4729-B712-24EC94C69D32}.AppStore|x64.Build.0 = Release|Any CPU
		{6B7B5496-562A-4729-B712-24EC94C69D32}.AppStore|x86.ActiveCfg = Release|Any CPU
		{6B7B5496-562A-4729-B712-24EC94C69D32}.AppStore|x86.Build.0 = Release|Any CPU
		{6B7B5496-562A-4729-B712-24EC94C69D32}.Debug|Any CPU.ActiveCfg = Debug|Any CPU
		{6B7B5496-562A-4729-B712-24EC94C69D32}.Debug|Any CPU.Build.0 = Debug|Any CPU
		{6B7B5496-562A-4729-B712-24EC94C69D32}.Debug|ARM.ActiveCfg = Debug|Any CPU
		{6B7B5496-562A-4729-B712-24EC94C69D32}.Debug|ARM.Build.0 = Debug|Any CPU
		{6B7B5496-562A-4729-B712-24EC94C69D32}.Debug|ARM64.ActiveCfg = Debug|Any CPU
		{6B7B5496-562A-4729-B712-24EC94C69D32}.Debug|ARM64.Build.0 = Debug|Any CPU
		{6B7B5496-562A-4729-B712-24EC94C69D32}.Debug|iPhone.ActiveCfg = Debug|Any CPU
		{6B7B5496-562A-4729-B712-24EC94C69D32}.Debug|iPhone.Build.0 = Debug|Any CPU
		{6B7B5496-562A-4729-B712-24EC94C69D32}.Debug|iPhoneSimulator.ActiveCfg = Debug|Any CPU
		{6B7B5496-562A-4729-B712-24EC94C69D32}.Debug|iPhoneSimulator.Build.0 = Debug|Any CPU
		{6B7B5496-562A-4729-B712-24EC94C69D32}.Debug|x64.ActiveCfg = Debug|Any CPU
		{6B7B5496-562A-4729-B712-24EC94C69D32}.Debug|x64.Build.0 = Debug|Any CPU
		{6B7B5496-562A-4729-B712-24EC94C69D32}.Debug|x86.ActiveCfg = Debug|Any CPU
		{6B7B5496-562A-4729-B712-24EC94C69D32}.Debug|x86.Build.0 = Debug|Any CPU
		{6B7B5496-562A-4729-B712-24EC94C69D32}.Release|Any CPU.ActiveCfg = Release|Any CPU
		{6B7B5496-562A-4729-B712-24EC94C69D32}.Release|Any CPU.Build.0 = Release|Any CPU
		{6B7B5496-562A-4729-B712-24EC94C69D32}.Release|ARM.ActiveCfg = Release|Any CPU
		{6B7B5496-562A-4729-B712-24EC94C69D32}.Release|ARM.Build.0 = Release|Any CPU
		{6B7B5496-562A-4729-B712-24EC94C69D32}.Release|ARM64.ActiveCfg = Release|Any CPU
		{6B7B5496-562A-4729-B712-24EC94C69D32}.Release|ARM64.Build.0 = Release|Any CPU
		{6B7B5496-562A-4729-B712-24EC94C69D32}.Release|iPhone.ActiveCfg = Release|Any CPU
		{6B7B5496-562A-4729-B712-24EC94C69D32}.Release|iPhone.Build.0 = Release|Any CPU
		{6B7B5496-562A-4729-B712-24EC94C69D32}.Release|iPhoneSimulator.ActiveCfg = Release|Any CPU
		{6B7B5496-562A-4729-B712-24EC94C69D32}.Release|iPhoneSimulator.Build.0 = Release|Any CPU
		{6B7B5496-562A-4729-B712-24EC94C69D32}.Release|x64.ActiveCfg = Release|Any CPU
		{6B7B5496-562A-4729-B712-24EC94C69D32}.Release|x64.Build.0 = Release|Any CPU
		{6B7B5496-562A-4729-B712-24EC94C69D32}.Release|x86.ActiveCfg = Release|Any CPU
		{6B7B5496-562A-4729-B712-24EC94C69D32}.Release|x86.Build.0 = Release|Any CPU
		{96990D4B-030B-4F9A-B0CF-1E45F738CC82}.Ad-Hoc|Any CPU.ActiveCfg = Release|Any CPU
		{96990D4B-030B-4F9A-B0CF-1E45F738CC82}.Ad-Hoc|Any CPU.Build.0 = Release|Any CPU
		{96990D4B-030B-4F9A-B0CF-1E45F738CC82}.Ad-Hoc|Any CPU.Deploy.0 = Release|Any CPU
		{96990D4B-030B-4F9A-B0CF-1E45F738CC82}.Ad-Hoc|ARM.ActiveCfg = Debug|Any CPU
		{96990D4B-030B-4F9A-B0CF-1E45F738CC82}.Ad-Hoc|ARM.Build.0 = Debug|Any CPU
		{96990D4B-030B-4F9A-B0CF-1E45F738CC82}.Ad-Hoc|ARM.Deploy.0 = Debug|Any CPU
		{96990D4B-030B-4F9A-B0CF-1E45F738CC82}.Ad-Hoc|ARM64.ActiveCfg = Debug|Any CPU
		{96990D4B-030B-4F9A-B0CF-1E45F738CC82}.Ad-Hoc|ARM64.Build.0 = Debug|Any CPU
		{96990D4B-030B-4F9A-B0CF-1E45F738CC82}.Ad-Hoc|ARM64.Deploy.0 = Debug|Any CPU
		{96990D4B-030B-4F9A-B0CF-1E45F738CC82}.Ad-Hoc|iPhone.ActiveCfg = Release|Any CPU
		{96990D4B-030B-4F9A-B0CF-1E45F738CC82}.Ad-Hoc|iPhone.Build.0 = Release|Any CPU
		{96990D4B-030B-4F9A-B0CF-1E45F738CC82}.Ad-Hoc|iPhone.Deploy.0 = Release|Any CPU
		{96990D4B-030B-4F9A-B0CF-1E45F738CC82}.Ad-Hoc|iPhoneSimulator.ActiveCfg = Release|Any CPU
		{96990D4B-030B-4F9A-B0CF-1E45F738CC82}.Ad-Hoc|iPhoneSimulator.Build.0 = Release|Any CPU
		{96990D4B-030B-4F9A-B0CF-1E45F738CC82}.Ad-Hoc|iPhoneSimulator.Deploy.0 = Release|Any CPU
		{96990D4B-030B-4F9A-B0CF-1E45F738CC82}.Ad-Hoc|x64.ActiveCfg = Debug|Any CPU
		{96990D4B-030B-4F9A-B0CF-1E45F738CC82}.Ad-Hoc|x64.Build.0 = Debug|Any CPU
		{96990D4B-030B-4F9A-B0CF-1E45F738CC82}.Ad-Hoc|x64.Deploy.0 = Debug|Any CPU
		{96990D4B-030B-4F9A-B0CF-1E45F738CC82}.Ad-Hoc|x86.ActiveCfg = Debug|Any CPU
		{96990D4B-030B-4F9A-B0CF-1E45F738CC82}.Ad-Hoc|x86.Build.0 = Debug|Any CPU
		{96990D4B-030B-4F9A-B0CF-1E45F738CC82}.Ad-Hoc|x86.Deploy.0 = Debug|Any CPU
		{96990D4B-030B-4F9A-B0CF-1E45F738CC82}.AppStore|Any CPU.ActiveCfg = Release|Any CPU
		{96990D4B-030B-4F9A-B0CF-1E45F738CC82}.AppStore|Any CPU.Build.0 = Release|Any CPU
		{96990D4B-030B-4F9A-B0CF-1E45F738CC82}.AppStore|Any CPU.Deploy.0 = Release|Any CPU
		{96990D4B-030B-4F9A-B0CF-1E45F738CC82}.AppStore|ARM.ActiveCfg = Debug|Any CPU
		{96990D4B-030B-4F9A-B0CF-1E45F738CC82}.AppStore|ARM.Build.0 = Debug|Any CPU
		{96990D4B-030B-4F9A-B0CF-1E45F738CC82}.AppStore|ARM.Deploy.0 = Debug|Any CPU
		{96990D4B-030B-4F9A-B0CF-1E45F738CC82}.AppStore|ARM64.ActiveCfg = Debug|Any CPU
		{96990D4B-030B-4F9A-B0CF-1E45F738CC82}.AppStore|ARM64.Build.0 = Debug|Any CPU
		{96990D4B-030B-4F9A-B0CF-1E45F738CC82}.AppStore|ARM64.Deploy.0 = Debug|Any CPU
		{96990D4B-030B-4F9A-B0CF-1E45F738CC82}.AppStore|iPhone.ActiveCfg = Release|Any CPU
		{96990D4B-030B-4F9A-B0CF-1E45F738CC82}.AppStore|iPhone.Build.0 = Release|Any CPU
		{96990D4B-030B-4F9A-B0CF-1E45F738CC82}.AppStore|iPhone.Deploy.0 = Release|Any CPU
		{96990D4B-030B-4F9A-B0CF-1E45F738CC82}.AppStore|iPhoneSimulator.ActiveCfg = Release|Any CPU
		{96990D4B-030B-4F9A-B0CF-1E45F738CC82}.AppStore|iPhoneSimulator.Build.0 = Release|Any CPU
		{96990D4B-030B-4F9A-B0CF-1E45F738CC82}.AppStore|iPhoneSimulator.Deploy.0 = Release|Any CPU
		{96990D4B-030B-4F9A-B0CF-1E45F738CC82}.AppStore|x64.ActiveCfg = Debug|Any CPU
		{96990D4B-030B-4F9A-B0CF-1E45F738CC82}.AppStore|x64.Build.0 = Debug|Any CPU
		{96990D4B-030B-4F9A-B0CF-1E45F738CC82}.AppStore|x64.Deploy.0 = Debug|Any CPU
		{96990D4B-030B-4F9A-B0CF-1E45F738CC82}.AppStore|x86.ActiveCfg = Debug|Any CPU
		{96990D4B-030B-4F9A-B0CF-1E45F738CC82}.AppStore|x86.Build.0 = Debug|Any CPU
		{96990D4B-030B-4F9A-B0CF-1E45F738CC82}.AppStore|x86.Deploy.0 = Debug|Any CPU
		{96990D4B-030B-4F9A-B0CF-1E45F738CC82}.Debug|Any CPU.ActiveCfg = Debug|Any CPU
		{96990D4B-030B-4F9A-B0CF-1E45F738CC82}.Debug|Any CPU.Build.0 = Debug|Any CPU
		{96990D4B-030B-4F9A-B0CF-1E45F738CC82}.Debug|Any CPU.Deploy.0 = Debug|Any CPU
		{96990D4B-030B-4F9A-B0CF-1E45F738CC82}.Debug|ARM.ActiveCfg = Debug|Any CPU
		{96990D4B-030B-4F9A-B0CF-1E45F738CC82}.Debug|ARM.Build.0 = Debug|Any CPU
		{96990D4B-030B-4F9A-B0CF-1E45F738CC82}.Debug|ARM.Deploy.0 = Debug|Any CPU
		{96990D4B-030B-4F9A-B0CF-1E45F738CC82}.Debug|ARM64.ActiveCfg = Debug|Any CPU
		{96990D4B-030B-4F9A-B0CF-1E45F738CC82}.Debug|ARM64.Build.0 = Debug|Any CPU
		{96990D4B-030B-4F9A-B0CF-1E45F738CC82}.Debug|ARM64.Deploy.0 = Debug|Any CPU
		{96990D4B-030B-4F9A-B0CF-1E45F738CC82}.Debug|iPhone.ActiveCfg = Debug|Any CPU
		{96990D4B-030B-4F9A-B0CF-1E45F738CC82}.Debug|iPhone.Build.0 = Debug|Any CPU
		{96990D4B-030B-4F9A-B0CF-1E45F738CC82}.Debug|iPhone.Deploy.0 = Debug|Any CPU
		{96990D4B-030B-4F9A-B0CF-1E45F738CC82}.Debug|iPhoneSimulator.ActiveCfg = Debug|Any CPU
		{96990D4B-030B-4F9A-B0CF-1E45F738CC82}.Debug|iPhoneSimulator.Build.0 = Debug|Any CPU
		{96990D4B-030B-4F9A-B0CF-1E45F738CC82}.Debug|iPhoneSimulator.Deploy.0 = Debug|Any CPU
		{96990D4B-030B-4F9A-B0CF-1E45F738CC82}.Debug|x64.ActiveCfg = Debug|Any CPU
		{96990D4B-030B-4F9A-B0CF-1E45F738CC82}.Debug|x64.Build.0 = Debug|Any CPU
		{96990D4B-030B-4F9A-B0CF-1E45F738CC82}.Debug|x64.Deploy.0 = Debug|Any CPU
		{96990D4B-030B-4F9A-B0CF-1E45F738CC82}.Debug|x86.ActiveCfg = Debug|Any CPU
		{96990D4B-030B-4F9A-B0CF-1E45F738CC82}.Debug|x86.Build.0 = Debug|Any CPU
		{96990D4B-030B-4F9A-B0CF-1E45F738CC82}.Debug|x86.Deploy.0 = Debug|Any CPU
		{96990D4B-030B-4F9A-B0CF-1E45F738CC82}.Release|Any CPU.ActiveCfg = Release|Any CPU
		{96990D4B-030B-4F9A-B0CF-1E45F738CC82}.Release|Any CPU.Build.0 = Release|Any CPU
		{96990D4B-030B-4F9A-B0CF-1E45F738CC82}.Release|Any CPU.Deploy.0 = Release|Any CPU
		{96990D4B-030B-4F9A-B0CF-1E45F738CC82}.Release|ARM.ActiveCfg = Release|Any CPU
		{96990D4B-030B-4F9A-B0CF-1E45F738CC82}.Release|ARM.Build.0 = Release|Any CPU
		{96990D4B-030B-4F9A-B0CF-1E45F738CC82}.Release|ARM.Deploy.0 = Release|Any CPU
		{96990D4B-030B-4F9A-B0CF-1E45F738CC82}.Release|ARM64.ActiveCfg = Release|Any CPU
		{96990D4B-030B-4F9A-B0CF-1E45F738CC82}.Release|ARM64.Build.0 = Release|Any CPU
		{96990D4B-030B-4F9A-B0CF-1E45F738CC82}.Release|ARM64.Deploy.0 = Release|Any CPU
		{96990D4B-030B-4F9A-B0CF-1E45F738CC82}.Release|iPhone.ActiveCfg = Release|Any CPU
		{96990D4B-030B-4F9A-B0CF-1E45F738CC82}.Release|iPhone.Build.0 = Release|Any CPU
		{96990D4B-030B-4F9A-B0CF-1E45F738CC82}.Release|iPhone.Deploy.0 = Release|Any CPU
		{96990D4B-030B-4F9A-B0CF-1E45F738CC82}.Release|iPhoneSimulator.ActiveCfg = Release|Any CPU
		{96990D4B-030B-4F9A-B0CF-1E45F738CC82}.Release|iPhoneSimulator.Build.0 = Release|Any CPU
		{96990D4B-030B-4F9A-B0CF-1E45F738CC82}.Release|iPhoneSimulator.Deploy.0 = Release|Any CPU
		{96990D4B-030B-4F9A-B0CF-1E45F738CC82}.Release|x64.ActiveCfg = Release|Any CPU
		{96990D4B-030B-4F9A-B0CF-1E45F738CC82}.Release|x64.Build.0 = Release|Any CPU
		{96990D4B-030B-4F9A-B0CF-1E45F738CC82}.Release|x64.Deploy.0 = Release|Any CPU
		{96990D4B-030B-4F9A-B0CF-1E45F738CC82}.Release|x86.ActiveCfg = Release|Any CPU
		{96990D4B-030B-4F9A-B0CF-1E45F738CC82}.Release|x86.Build.0 = Release|Any CPU
		{96990D4B-030B-4F9A-B0CF-1E45F738CC82}.Release|x86.Deploy.0 = Release|Any CPU
		{DE93A48B-5FD7-421D-8C22-D14AC24AC634}.Ad-Hoc|Any CPU.ActiveCfg = Ad-Hoc|iPhone
		{DE93A48B-5FD7-421D-8C22-D14AC24AC634}.Ad-Hoc|ARM.ActiveCfg = Ad-Hoc|iPhoneSimulator
		{DE93A48B-5FD7-421D-8C22-D14AC24AC634}.Ad-Hoc|ARM64.ActiveCfg = Ad-Hoc|iPhoneSimulator
		{DE93A48B-5FD7-421D-8C22-D14AC24AC634}.Ad-Hoc|iPhone.ActiveCfg = Ad-Hoc|iPhone
		{DE93A48B-5FD7-421D-8C22-D14AC24AC634}.Ad-Hoc|iPhone.Build.0 = Ad-Hoc|iPhone
		{DE93A48B-5FD7-421D-8C22-D14AC24AC634}.Ad-Hoc|iPhoneSimulator.ActiveCfg = Ad-Hoc|iPhoneSimulator
		{DE93A48B-5FD7-421D-8C22-D14AC24AC634}.Ad-Hoc|iPhoneSimulator.Build.0 = Ad-Hoc|iPhoneSimulator
		{DE93A48B-5FD7-421D-8C22-D14AC24AC634}.Ad-Hoc|x64.ActiveCfg = Ad-Hoc|iPhoneSimulator
		{DE93A48B-5FD7-421D-8C22-D14AC24AC634}.Ad-Hoc|x86.ActiveCfg = Ad-Hoc|iPhoneSimulator
		{DE93A48B-5FD7-421D-8C22-D14AC24AC634}.AppStore|Any CPU.ActiveCfg = AppStore|iPhone
		{DE93A48B-5FD7-421D-8C22-D14AC24AC634}.AppStore|ARM.ActiveCfg = AppStore|iPhoneSimulator
		{DE93A48B-5FD7-421D-8C22-D14AC24AC634}.AppStore|ARM64.ActiveCfg = AppStore|iPhoneSimulator
		{DE93A48B-5FD7-421D-8C22-D14AC24AC634}.AppStore|iPhone.ActiveCfg = AppStore|iPhone
		{DE93A48B-5FD7-421D-8C22-D14AC24AC634}.AppStore|iPhone.Build.0 = AppStore|iPhone
		{DE93A48B-5FD7-421D-8C22-D14AC24AC634}.AppStore|iPhoneSimulator.ActiveCfg = AppStore|iPhoneSimulator
		{DE93A48B-5FD7-421D-8C22-D14AC24AC634}.AppStore|iPhoneSimulator.Build.0 = AppStore|iPhoneSimulator
		{DE93A48B-5FD7-421D-8C22-D14AC24AC634}.AppStore|x64.ActiveCfg = AppStore|iPhoneSimulator
		{DE93A48B-5FD7-421D-8C22-D14AC24AC634}.AppStore|x86.ActiveCfg = AppStore|iPhoneSimulator
		{DE93A48B-5FD7-421D-8C22-D14AC24AC634}.Debug|Any CPU.ActiveCfg = Debug|iPhone
		{DE93A48B-5FD7-421D-8C22-D14AC24AC634}.Debug|ARM.ActiveCfg = Debug|iPhoneSimulator
		{DE93A48B-5FD7-421D-8C22-D14AC24AC634}.Debug|ARM64.ActiveCfg = Debug|iPhoneSimulator
		{DE93A48B-5FD7-421D-8C22-D14AC24AC634}.Debug|iPhone.ActiveCfg = Debug|iPhone
		{DE93A48B-5FD7-421D-8C22-D14AC24AC634}.Debug|iPhone.Build.0 = Debug|iPhone
		{DE93A48B-5FD7-421D-8C22-D14AC24AC634}.Debug|iPhoneSimulator.ActiveCfg = Debug|iPhoneSimulator
		{DE93A48B-5FD7-421D-8C22-D14AC24AC634}.Debug|iPhoneSimulator.Build.0 = Debug|iPhoneSimulator
		{DE93A48B-5FD7-421D-8C22-D14AC24AC634}.Debug|x64.ActiveCfg = Debug|iPhoneSimulator
		{DE93A48B-5FD7-421D-8C22-D14AC24AC634}.Debug|x86.ActiveCfg = Debug|iPhoneSimulator
		{DE93A48B-5FD7-421D-8C22-D14AC24AC634}.Release|Any CPU.ActiveCfg = Release|iPhone
		{DE93A48B-5FD7-421D-8C22-D14AC24AC634}.Release|ARM.ActiveCfg = Release|iPhoneSimulator
		{DE93A48B-5FD7-421D-8C22-D14AC24AC634}.Release|ARM64.ActiveCfg = Release|iPhoneSimulator
		{DE93A48B-5FD7-421D-8C22-D14AC24AC634}.Release|iPhone.ActiveCfg = Release|iPhone
		{DE93A48B-5FD7-421D-8C22-D14AC24AC634}.Release|iPhone.Build.0 = Release|iPhone
		{DE93A48B-5FD7-421D-8C22-D14AC24AC634}.Release|iPhoneSimulator.ActiveCfg = Release|iPhoneSimulator
		{DE93A48B-5FD7-421D-8C22-D14AC24AC634}.Release|iPhoneSimulator.Build.0 = Release|iPhoneSimulator
		{DE93A48B-5FD7-421D-8C22-D14AC24AC634}.Release|x64.ActiveCfg = Release|iPhoneSimulator
		{DE93A48B-5FD7-421D-8C22-D14AC24AC634}.Release|x86.ActiveCfg = Release|iPhoneSimulator
		{1FFFC914-9C83-42DD-A541-66C254079761}.Ad-Hoc|Any CPU.ActiveCfg = Debug|Any CPU
		{1FFFC914-9C83-42DD-A541-66C254079761}.Ad-Hoc|Any CPU.Build.0 = Debug|Any CPU
		{1FFFC914-9C83-42DD-A541-66C254079761}.Ad-Hoc|ARM.ActiveCfg = Release|Any CPU
		{1FFFC914-9C83-42DD-A541-66C254079761}.Ad-Hoc|ARM.Build.0 = Release|Any CPU
		{1FFFC914-9C83-42DD-A541-66C254079761}.Ad-Hoc|ARM64.ActiveCfg = Release|Any CPU
		{1FFFC914-9C83-42DD-A541-66C254079761}.Ad-Hoc|ARM64.Build.0 = Release|Any CPU
		{1FFFC914-9C83-42DD-A541-66C254079761}.Ad-Hoc|iPhone.ActiveCfg = Debug|Any CPU
		{1FFFC914-9C83-42DD-A541-66C254079761}.Ad-Hoc|iPhone.Build.0 = Debug|Any CPU
		{1FFFC914-9C83-42DD-A541-66C254079761}.Ad-Hoc|iPhoneSimulator.ActiveCfg = Debug|Any CPU
		{1FFFC914-9C83-42DD-A541-66C254079761}.Ad-Hoc|iPhoneSimulator.Build.0 = Debug|Any CPU
		{1FFFC914-9C83-42DD-A541-66C254079761}.Ad-Hoc|x64.ActiveCfg = Release|Any CPU
		{1FFFC914-9C83-42DD-A541-66C254079761}.Ad-Hoc|x64.Build.0 = Release|Any CPU
		{1FFFC914-9C83-42DD-A541-66C254079761}.Ad-Hoc|x86.ActiveCfg = Release|Any CPU
		{1FFFC914-9C83-42DD-A541-66C254079761}.Ad-Hoc|x86.Build.0 = Release|Any CPU
		{1FFFC914-9C83-42DD-A541-66C254079761}.AppStore|Any CPU.ActiveCfg = Debug|Any CPU
		{1FFFC914-9C83-42DD-A541-66C254079761}.AppStore|Any CPU.Build.0 = Debug|Any CPU
		{1FFFC914-9C83-42DD-A541-66C254079761}.AppStore|ARM.ActiveCfg = Release|Any CPU
		{1FFFC914-9C83-42DD-A541-66C254079761}.AppStore|ARM.Build.0 = Release|Any CPU
		{1FFFC914-9C83-42DD-A541-66C254079761}.AppStore|ARM64.ActiveCfg = Release|Any CPU
		{1FFFC914-9C83-42DD-A541-66C254079761}.AppStore|ARM64.Build.0 = Release|Any CPU
		{1FFFC914-9C83-42DD-A541-66C254079761}.AppStore|iPhone.ActiveCfg = Debug|Any CPU
		{1FFFC914-9C83-42DD-A541-66C254079761}.AppStore|iPhone.Build.0 = Debug|Any CPU
		{1FFFC914-9C83-42DD-A541-66C254079761}.AppStore|iPhoneSimulator.ActiveCfg = Debug|Any CPU
		{1FFFC914-9C83-42DD-A541-66C254079761}.AppStore|iPhoneSimulator.Build.0 = Debug|Any CPU
		{1FFFC914-9C83-42DD-A541-66C254079761}.AppStore|x64.ActiveCfg = Release|Any CPU
		{1FFFC914-9C83-42DD-A541-66C254079761}.AppStore|x64.Build.0 = Release|Any CPU
		{1FFFC914-9C83-42DD-A541-66C254079761}.AppStore|x86.ActiveCfg = Release|Any CPU
		{1FFFC914-9C83-42DD-A541-66C254079761}.AppStore|x86.Build.0 = Release|Any CPU
		{1FFFC914-9C83-42DD-A541-66C254079761}.Debug|Any CPU.ActiveCfg = Debug|Any CPU
		{1FFFC914-9C83-42DD-A541-66C254079761}.Debug|Any CPU.Build.0 = Debug|Any CPU
		{1FFFC914-9C83-42DD-A541-66C254079761}.Debug|ARM.ActiveCfg = Debug|Any CPU
		{1FFFC914-9C83-42DD-A541-66C254079761}.Debug|ARM.Build.0 = Debug|Any CPU
		{1FFFC914-9C83-42DD-A541-66C254079761}.Debug|ARM64.ActiveCfg = Debug|Any CPU
		{1FFFC914-9C83-42DD-A541-66C254079761}.Debug|ARM64.Build.0 = Debug|Any CPU
		{1FFFC914-9C83-42DD-A541-66C254079761}.Debug|iPhone.ActiveCfg = Debug|Any CPU
		{1FFFC914-9C83-42DD-A541-66C254079761}.Debug|iPhone.Build.0 = Debug|Any CPU
		{1FFFC914-9C83-42DD-A541-66C254079761}.Debug|iPhoneSimulator.ActiveCfg = Debug|Any CPU
		{1FFFC914-9C83-42DD-A541-66C254079761}.Debug|iPhoneSimulator.Build.0 = Debug|Any CPU
		{1FFFC914-9C83-42DD-A541-66C254079761}.Debug|x64.ActiveCfg = Debug|Any CPU
		{1FFFC914-9C83-42DD-A541-66C254079761}.Debug|x64.Build.0 = Debug|Any CPU
		{1FFFC914-9C83-42DD-A541-66C254079761}.Debug|x86.ActiveCfg = Debug|Any CPU
		{1FFFC914-9C83-42DD-A541-66C254079761}.Debug|x86.Build.0 = Debug|Any CPU
		{1FFFC914-9C83-42DD-A541-66C254079761}.Release|Any CPU.ActiveCfg = Release|Any CPU
		{1FFFC914-9C83-42DD-A541-66C254079761}.Release|Any CPU.Build.0 = Release|Any CPU
		{1FFFC914-9C83-42DD-A541-66C254079761}.Release|ARM.ActiveCfg = Release|Any CPU
		{1FFFC914-9C83-42DD-A541-66C254079761}.Release|ARM.Build.0 = Release|Any CPU
		{1FFFC914-9C83-42DD-A541-66C254079761}.Release|ARM64.ActiveCfg = Release|Any CPU
		{1FFFC914-9C83-42DD-A541-66C254079761}.Release|ARM64.Build.0 = Release|Any CPU
		{1FFFC914-9C83-42DD-A541-66C254079761}.Release|iPhone.ActiveCfg = Release|Any CPU
		{1FFFC914-9C83-42DD-A541-66C254079761}.Release|iPhone.Build.0 = Release|Any CPU
		{1FFFC914-9C83-42DD-A541-66C254079761}.Release|iPhoneSimulator.ActiveCfg = Release|Any CPU
		{1FFFC914-9C83-42DD-A541-66C254079761}.Release|iPhoneSimulator.Build.0 = Release|Any CPU
		{1FFFC914-9C83-42DD-A541-66C254079761}.Release|x64.ActiveCfg = Release|Any CPU
		{1FFFC914-9C83-42DD-A541-66C254079761}.Release|x64.Build.0 = Release|Any CPU
		{1FFFC914-9C83-42DD-A541-66C254079761}.Release|x86.ActiveCfg = Release|Any CPU
		{1FFFC914-9C83-42DD-A541-66C254079761}.Release|x86.Build.0 = Release|Any CPU
		{C0E10E5C-F170-437F-9ABE-E57D7E1CCBE1}.Ad-Hoc|Any CPU.ActiveCfg = Debug|Any CPU
		{C0E10E5C-F170-437F-9ABE-E57D7E1CCBE1}.Ad-Hoc|Any CPU.Build.0 = Debug|Any CPU
		{C0E10E5C-F170-437F-9ABE-E57D7E1CCBE1}.Ad-Hoc|ARM.ActiveCfg = Release|Any CPU
		{C0E10E5C-F170-437F-9ABE-E57D7E1CCBE1}.Ad-Hoc|ARM.Build.0 = Release|Any CPU
		{C0E10E5C-F170-437F-9ABE-E57D7E1CCBE1}.Ad-Hoc|ARM64.ActiveCfg = Release|Any CPU
		{C0E10E5C-F170-437F-9ABE-E57D7E1CCBE1}.Ad-Hoc|ARM64.Build.0 = Release|Any CPU
		{C0E10E5C-F170-437F-9ABE-E57D7E1CCBE1}.Ad-Hoc|iPhone.ActiveCfg = Debug|Any CPU
		{C0E10E5C-F170-437F-9ABE-E57D7E1CCBE1}.Ad-Hoc|iPhone.Build.0 = Debug|Any CPU
		{C0E10E5C-F170-437F-9ABE-E57D7E1CCBE1}.Ad-Hoc|iPhoneSimulator.ActiveCfg = Debug|Any CPU
		{C0E10E5C-F170-437F-9ABE-E57D7E1CCBE1}.Ad-Hoc|iPhoneSimulator.Build.0 = Debug|Any CPU
		{C0E10E5C-F170-437F-9ABE-E57D7E1CCBE1}.Ad-Hoc|x64.ActiveCfg = Release|Any CPU
		{C0E10E5C-F170-437F-9ABE-E57D7E1CCBE1}.Ad-Hoc|x64.Build.0 = Release|Any CPU
		{C0E10E5C-F170-437F-9ABE-E57D7E1CCBE1}.Ad-Hoc|x86.ActiveCfg = Release|Any CPU
		{C0E10E5C-F170-437F-9ABE-E57D7E1CCBE1}.Ad-Hoc|x86.Build.0 = Release|Any CPU
		{C0E10E5C-F170-437F-9ABE-E57D7E1CCBE1}.AppStore|Any CPU.ActiveCfg = Debug|Any CPU
		{C0E10E5C-F170-437F-9ABE-E57D7E1CCBE1}.AppStore|Any CPU.Build.0 = Debug|Any CPU
		{C0E10E5C-F170-437F-9ABE-E57D7E1CCBE1}.AppStore|ARM.ActiveCfg = Release|Any CPU
		{C0E10E5C-F170-437F-9ABE-E57D7E1CCBE1}.AppStore|ARM.Build.0 = Release|Any CPU
		{C0E10E5C-F170-437F-9ABE-E57D7E1CCBE1}.AppStore|ARM64.ActiveCfg = Release|Any CPU
		{C0E10E5C-F170-437F-9ABE-E57D7E1CCBE1}.AppStore|ARM64.Build.0 = Release|Any CPU
		{C0E10E5C-F170-437F-9ABE-E57D7E1CCBE1}.AppStore|iPhone.ActiveCfg = Debug|Any CPU
		{C0E10E5C-F170-437F-9ABE-E57D7E1CCBE1}.AppStore|iPhone.Build.0 = Debug|Any CPU
		{C0E10E5C-F170-437F-9ABE-E57D7E1CCBE1}.AppStore|iPhoneSimulator.ActiveCfg = Debug|Any CPU
		{C0E10E5C-F170-437F-9ABE-E57D7E1CCBE1}.AppStore|iPhoneSimulator.Build.0 = Debug|Any CPU
		{C0E10E5C-F170-437F-9ABE-E57D7E1CCBE1}.AppStore|x64.ActiveCfg = Release|Any CPU
		{C0E10E5C-F170-437F-9ABE-E57D7E1CCBE1}.AppStore|x64.Build.0 = Release|Any CPU
		{C0E10E5C-F170-437F-9ABE-E57D7E1CCBE1}.AppStore|x86.ActiveCfg = Release|Any CPU
		{C0E10E5C-F170-437F-9ABE-E57D7E1CCBE1}.AppStore|x86.Build.0 = Release|Any CPU
		{C0E10E5C-F170-437F-9ABE-E57D7E1CCBE1}.Debug|Any CPU.ActiveCfg = Debug|Any CPU
		{C0E10E5C-F170-437F-9ABE-E57D7E1CCBE1}.Debug|Any CPU.Build.0 = Debug|Any CPU
		{C0E10E5C-F170-437F-9ABE-E57D7E1CCBE1}.Debug|ARM.ActiveCfg = Debug|Any CPU
		{C0E10E5C-F170-437F-9ABE-E57D7E1CCBE1}.Debug|ARM.Build.0 = Debug|Any CPU
		{C0E10E5C-F170-437F-9ABE-E57D7E1CCBE1}.Debug|ARM64.ActiveCfg = Debug|Any CPU
		{C0E10E5C-F170-437F-9ABE-E57D7E1CCBE1}.Debug|ARM64.Build.0 = Debug|Any CPU
		{C0E10E5C-F170-437F-9ABE-E57D7E1CCBE1}.Debug|iPhone.ActiveCfg = Debug|Any CPU
		{C0E10E5C-F170-437F-9ABE-E57D7E1CCBE1}.Debug|iPhone.Build.0 = Debug|Any CPU
		{C0E10E5C-F170-437F-9ABE-E57D7E1CCBE1}.Debug|iPhoneSimulator.ActiveCfg = Debug|Any CPU
		{C0E10E5C-F170-437F-9ABE-E57D7E1CCBE1}.Debug|iPhoneSimulator.Build.0 = Debug|Any CPU
		{C0E10E5C-F170-437F-9ABE-E57D7E1CCBE1}.Debug|x64.ActiveCfg = Debug|Any CPU
		{C0E10E5C-F170-437F-9ABE-E57D7E1CCBE1}.Debug|x64.Build.0 = Debug|Any CPU
		{C0E10E5C-F170-437F-9ABE-E57D7E1CCBE1}.Debug|x86.ActiveCfg = Debug|Any CPU
		{C0E10E5C-F170-437F-9ABE-E57D7E1CCBE1}.Debug|x86.Build.0 = Debug|Any CPU
		{C0E10E5C-F170-437F-9ABE-E57D7E1CCBE1}.Release|Any CPU.ActiveCfg = Release|Any CPU
		{C0E10E5C-F170-437F-9ABE-E57D7E1CCBE1}.Release|Any CPU.Build.0 = Release|Any CPU
		{C0E10E5C-F170-437F-9ABE-E57D7E1CCBE1}.Release|ARM.ActiveCfg = Release|Any CPU
		{C0E10E5C-F170-437F-9ABE-E57D7E1CCBE1}.Release|ARM.Build.0 = Release|Any CPU
		{C0E10E5C-F170-437F-9ABE-E57D7E1CCBE1}.Release|ARM64.ActiveCfg = Release|Any CPU
		{C0E10E5C-F170-437F-9ABE-E57D7E1CCBE1}.Release|ARM64.Build.0 = Release|Any CPU
		{C0E10E5C-F170-437F-9ABE-E57D7E1CCBE1}.Release|iPhone.ActiveCfg = Release|Any CPU
		{C0E10E5C-F170-437F-9ABE-E57D7E1CCBE1}.Release|iPhone.Build.0 = Release|Any CPU
		{C0E10E5C-F170-437F-9ABE-E57D7E1CCBE1}.Release|iPhoneSimulator.ActiveCfg = Release|Any CPU
		{C0E10E5C-F170-437F-9ABE-E57D7E1CCBE1}.Release|iPhoneSimulator.Build.0 = Release|Any CPU
		{C0E10E5C-F170-437F-9ABE-E57D7E1CCBE1}.Release|x64.ActiveCfg = Release|Any CPU
		{C0E10E5C-F170-437F-9ABE-E57D7E1CCBE1}.Release|x64.Build.0 = Release|Any CPU
		{C0E10E5C-F170-437F-9ABE-E57D7E1CCBE1}.Release|x86.ActiveCfg = Release|Any CPU
		{C0E10E5C-F170-437F-9ABE-E57D7E1CCBE1}.Release|x86.Build.0 = Release|Any CPU
		{3F56A05E-E28E-4474-9525-CB2C5A66F811}.Ad-Hoc|Any CPU.ActiveCfg = Debug|Any CPU
		{3F56A05E-E28E-4474-9525-CB2C5A66F811}.Ad-Hoc|Any CPU.Build.0 = Debug|Any CPU
		{3F56A05E-E28E-4474-9525-CB2C5A66F811}.Ad-Hoc|ARM.ActiveCfg = Release|Any CPU
		{3F56A05E-E28E-4474-9525-CB2C5A66F811}.Ad-Hoc|ARM.Build.0 = Release|Any CPU
		{3F56A05E-E28E-4474-9525-CB2C5A66F811}.Ad-Hoc|ARM64.ActiveCfg = Release|Any CPU
		{3F56A05E-E28E-4474-9525-CB2C5A66F811}.Ad-Hoc|ARM64.Build.0 = Release|Any CPU
		{3F56A05E-E28E-4474-9525-CB2C5A66F811}.Ad-Hoc|iPhone.ActiveCfg = Debug|Any CPU
		{3F56A05E-E28E-4474-9525-CB2C5A66F811}.Ad-Hoc|iPhone.Build.0 = Debug|Any CPU
		{3F56A05E-E28E-4474-9525-CB2C5A66F811}.Ad-Hoc|iPhoneSimulator.ActiveCfg = Debug|Any CPU
		{3F56A05E-E28E-4474-9525-CB2C5A66F811}.Ad-Hoc|iPhoneSimulator.Build.0 = Debug|Any CPU
		{3F56A05E-E28E-4474-9525-CB2C5A66F811}.Ad-Hoc|x64.ActiveCfg = Release|Any CPU
		{3F56A05E-E28E-4474-9525-CB2C5A66F811}.Ad-Hoc|x64.Build.0 = Release|Any CPU
		{3F56A05E-E28E-4474-9525-CB2C5A66F811}.Ad-Hoc|x86.ActiveCfg = Release|Any CPU
		{3F56A05E-E28E-4474-9525-CB2C5A66F811}.Ad-Hoc|x86.Build.0 = Release|Any CPU
		{3F56A05E-E28E-4474-9525-CB2C5A66F811}.AppStore|Any CPU.ActiveCfg = Debug|Any CPU
		{3F56A05E-E28E-4474-9525-CB2C5A66F811}.AppStore|Any CPU.Build.0 = Debug|Any CPU
		{3F56A05E-E28E-4474-9525-CB2C5A66F811}.AppStore|ARM.ActiveCfg = Release|Any CPU
		{3F56A05E-E28E-4474-9525-CB2C5A66F811}.AppStore|ARM.Build.0 = Release|Any CPU
		{3F56A05E-E28E-4474-9525-CB2C5A66F811}.AppStore|ARM64.ActiveCfg = Release|Any CPU
		{3F56A05E-E28E-4474-9525-CB2C5A66F811}.AppStore|ARM64.Build.0 = Release|Any CPU
		{3F56A05E-E28E-4474-9525-CB2C5A66F811}.AppStore|iPhone.ActiveCfg = Debug|Any CPU
		{3F56A05E-E28E-4474-9525-CB2C5A66F811}.AppStore|iPhone.Build.0 = Debug|Any CPU
		{3F56A05E-E28E-4474-9525-CB2C5A66F811}.AppStore|iPhoneSimulator.ActiveCfg = Debug|Any CPU
		{3F56A05E-E28E-4474-9525-CB2C5A66F811}.AppStore|iPhoneSimulator.Build.0 = Debug|Any CPU
		{3F56A05E-E28E-4474-9525-CB2C5A66F811}.AppStore|x64.ActiveCfg = Release|Any CPU
		{3F56A05E-E28E-4474-9525-CB2C5A66F811}.AppStore|x64.Build.0 = Release|Any CPU
		{3F56A05E-E28E-4474-9525-CB2C5A66F811}.AppStore|x86.ActiveCfg = Release|Any CPU
		{3F56A05E-E28E-4474-9525-CB2C5A66F811}.AppStore|x86.Build.0 = Release|Any CPU
		{3F56A05E-E28E-4474-9525-CB2C5A66F811}.Debug|Any CPU.ActiveCfg = Debug|Any CPU
		{3F56A05E-E28E-4474-9525-CB2C5A66F811}.Debug|Any CPU.Build.0 = Debug|Any CPU
		{3F56A05E-E28E-4474-9525-CB2C5A66F811}.Debug|ARM.ActiveCfg = Debug|Any CPU
		{3F56A05E-E28E-4474-9525-CB2C5A66F811}.Debug|ARM.Build.0 = Debug|Any CPU
		{3F56A05E-E28E-4474-9525-CB2C5A66F811}.Debug|ARM64.ActiveCfg = Debug|Any CPU
		{3F56A05E-E28E-4474-9525-CB2C5A66F811}.Debug|ARM64.Build.0 = Debug|Any CPU
		{3F56A05E-E28E-4474-9525-CB2C5A66F811}.Debug|iPhone.ActiveCfg = Debug|Any CPU
		{3F56A05E-E28E-4474-9525-CB2C5A66F811}.Debug|iPhone.Build.0 = Debug|Any CPU
		{3F56A05E-E28E-4474-9525-CB2C5A66F811}.Debug|iPhoneSimulator.ActiveCfg = Debug|Any CPU
		{3F56A05E-E28E-4474-9525-CB2C5A66F811}.Debug|iPhoneSimulator.Build.0 = Debug|Any CPU
		{3F56A05E-E28E-4474-9525-CB2C5A66F811}.Debug|x64.ActiveCfg = Debug|Any CPU
		{3F56A05E-E28E-4474-9525-CB2C5A66F811}.Debug|x64.Build.0 = Debug|Any CPU
		{3F56A05E-E28E-4474-9525-CB2C5A66F811}.Debug|x86.ActiveCfg = Debug|Any CPU
		{3F56A05E-E28E-4474-9525-CB2C5A66F811}.Debug|x86.Build.0 = Debug|Any CPU
		{3F56A05E-E28E-4474-9525-CB2C5A66F811}.Release|Any CPU.ActiveCfg = Release|Any CPU
		{3F56A05E-E28E-4474-9525-CB2C5A66F811}.Release|Any CPU.Build.0 = Release|Any CPU
		{3F56A05E-E28E-4474-9525-CB2C5A66F811}.Release|ARM.ActiveCfg = Release|Any CPU
		{3F56A05E-E28E-4474-9525-CB2C5A66F811}.Release|ARM.Build.0 = Release|Any CPU
		{3F56A05E-E28E-4474-9525-CB2C5A66F811}.Release|ARM64.ActiveCfg = Release|Any CPU
		{3F56A05E-E28E-4474-9525-CB2C5A66F811}.Release|ARM64.Build.0 = Release|Any CPU
		{3F56A05E-E28E-4474-9525-CB2C5A66F811}.Release|iPhone.ActiveCfg = Release|Any CPU
		{3F56A05E-E28E-4474-9525-CB2C5A66F811}.Release|iPhone.Build.0 = Release|Any CPU
		{3F56A05E-E28E-4474-9525-CB2C5A66F811}.Release|iPhoneSimulator.ActiveCfg = Release|Any CPU
		{3F56A05E-E28E-4474-9525-CB2C5A66F811}.Release|iPhoneSimulator.Build.0 = Release|Any CPU
		{3F56A05E-E28E-4474-9525-CB2C5A66F811}.Release|x64.ActiveCfg = Release|Any CPU
		{3F56A05E-E28E-4474-9525-CB2C5A66F811}.Release|x64.Build.0 = Release|Any CPU
		{3F56A05E-E28E-4474-9525-CB2C5A66F811}.Release|x86.ActiveCfg = Release|Any CPU
		{3F56A05E-E28E-4474-9525-CB2C5A66F811}.Release|x86.Build.0 = Release|Any CPU
		{86BC483B-0D89-463A-B7BF-4F7AD53989A9}.Ad-Hoc|Any CPU.ActiveCfg = Debug|Any CPU
		{86BC483B-0D89-463A-B7BF-4F7AD53989A9}.Ad-Hoc|Any CPU.Build.0 = Debug|Any CPU
		{86BC483B-0D89-463A-B7BF-4F7AD53989A9}.Ad-Hoc|ARM.ActiveCfg = Release|Any CPU
		{86BC483B-0D89-463A-B7BF-4F7AD53989A9}.Ad-Hoc|ARM.Build.0 = Release|Any CPU
		{86BC483B-0D89-463A-B7BF-4F7AD53989A9}.Ad-Hoc|ARM64.ActiveCfg = Release|Any CPU
		{86BC483B-0D89-463A-B7BF-4F7AD53989A9}.Ad-Hoc|ARM64.Build.0 = Release|Any CPU
		{86BC483B-0D89-463A-B7BF-4F7AD53989A9}.Ad-Hoc|iPhone.ActiveCfg = Debug|Any CPU
		{86BC483B-0D89-463A-B7BF-4F7AD53989A9}.Ad-Hoc|iPhone.Build.0 = Debug|Any CPU
		{86BC483B-0D89-463A-B7BF-4F7AD53989A9}.Ad-Hoc|iPhoneSimulator.ActiveCfg = Debug|Any CPU
		{86BC483B-0D89-463A-B7BF-4F7AD53989A9}.Ad-Hoc|iPhoneSimulator.Build.0 = Debug|Any CPU
		{86BC483B-0D89-463A-B7BF-4F7AD53989A9}.Ad-Hoc|x64.ActiveCfg = Release|Any CPU
		{86BC483B-0D89-463A-B7BF-4F7AD53989A9}.Ad-Hoc|x64.Build.0 = Release|Any CPU
		{86BC483B-0D89-463A-B7BF-4F7AD53989A9}.Ad-Hoc|x86.ActiveCfg = Release|Any CPU
		{86BC483B-0D89-463A-B7BF-4F7AD53989A9}.Ad-Hoc|x86.Build.0 = Release|Any CPU
		{86BC483B-0D89-463A-B7BF-4F7AD53989A9}.AppStore|Any CPU.ActiveCfg = Debug|Any CPU
		{86BC483B-0D89-463A-B7BF-4F7AD53989A9}.AppStore|Any CPU.Build.0 = Debug|Any CPU
		{86BC483B-0D89-463A-B7BF-4F7AD53989A9}.AppStore|ARM.ActiveCfg = Release|Any CPU
		{86BC483B-0D89-463A-B7BF-4F7AD53989A9}.AppStore|ARM.Build.0 = Release|Any CPU
		{86BC483B-0D89-463A-B7BF-4F7AD53989A9}.AppStore|ARM64.ActiveCfg = Release|Any CPU
		{86BC483B-0D89-463A-B7BF-4F7AD53989A9}.AppStore|ARM64.Build.0 = Release|Any CPU
		{86BC483B-0D89-463A-B7BF-4F7AD53989A9}.AppStore|iPhone.ActiveCfg = Debug|Any CPU
		{86BC483B-0D89-463A-B7BF-4F7AD53989A9}.AppStore|iPhone.Build.0 = Debug|Any CPU
		{86BC483B-0D89-463A-B7BF-4F7AD53989A9}.AppStore|iPhoneSimulator.ActiveCfg = Debug|Any CPU
		{86BC483B-0D89-463A-B7BF-4F7AD53989A9}.AppStore|iPhoneSimulator.Build.0 = Debug|Any CPU
		{86BC483B-0D89-463A-B7BF-4F7AD53989A9}.AppStore|x64.ActiveCfg = Release|Any CPU
		{86BC483B-0D89-463A-B7BF-4F7AD53989A9}.AppStore|x64.Build.0 = Release|Any CPU
		{86BC483B-0D89-463A-B7BF-4F7AD53989A9}.AppStore|x86.ActiveCfg = Release|Any CPU
		{86BC483B-0D89-463A-B7BF-4F7AD53989A9}.AppStore|x86.Build.0 = Release|Any CPU
		{86BC483B-0D89-463A-B7BF-4F7AD53989A9}.Debug|Any CPU.ActiveCfg = Debug|Any CPU
		{86BC483B-0D89-463A-B7BF-4F7AD53989A9}.Debug|Any CPU.Build.0 = Debug|Any CPU
		{86BC483B-0D89-463A-B7BF-4F7AD53989A9}.Debug|ARM.ActiveCfg = Debug|Any CPU
		{86BC483B-0D89-463A-B7BF-4F7AD53989A9}.Debug|ARM.Build.0 = Debug|Any CPU
		{86BC483B-0D89-463A-B7BF-4F7AD53989A9}.Debug|ARM64.ActiveCfg = Debug|Any CPU
		{86BC483B-0D89-463A-B7BF-4F7AD53989A9}.Debug|ARM64.Build.0 = Debug|Any CPU
		{86BC483B-0D89-463A-B7BF-4F7AD53989A9}.Debug|iPhone.ActiveCfg = Debug|Any CPU
		{86BC483B-0D89-463A-B7BF-4F7AD53989A9}.Debug|iPhone.Build.0 = Debug|Any CPU
		{86BC483B-0D89-463A-B7BF-4F7AD53989A9}.Debug|iPhoneSimulator.ActiveCfg = Debug|Any CPU
		{86BC483B-0D89-463A-B7BF-4F7AD53989A9}.Debug|iPhoneSimulator.Build.0 = Debug|Any CPU
		{86BC483B-0D89-463A-B7BF-4F7AD53989A9}.Debug|x64.ActiveCfg = Debug|Any CPU
		{86BC483B-0D89-463A-B7BF-4F7AD53989A9}.Debug|x64.Build.0 = Debug|Any CPU
		{86BC483B-0D89-463A-B7BF-4F7AD53989A9}.Debug|x86.ActiveCfg = Debug|Any CPU
		{86BC483B-0D89-463A-B7BF-4F7AD53989A9}.Debug|x86.Build.0 = Debug|Any CPU
		{86BC483B-0D89-463A-B7BF-4F7AD53989A9}.Release|Any CPU.ActiveCfg = Release|Any CPU
		{86BC483B-0D89-463A-B7BF-4F7AD53989A9}.Release|Any CPU.Build.0 = Release|Any CPU
		{86BC483B-0D89-463A-B7BF-4F7AD53989A9}.Release|ARM.ActiveCfg = Release|Any CPU
		{86BC483B-0D89-463A-B7BF-4F7AD53989A9}.Release|ARM.Build.0 = Release|Any CPU
		{86BC483B-0D89-463A-B7BF-4F7AD53989A9}.Release|ARM64.ActiveCfg = Release|Any CPU
		{86BC483B-0D89-463A-B7BF-4F7AD53989A9}.Release|ARM64.Build.0 = Release|Any CPU
		{86BC483B-0D89-463A-B7BF-4F7AD53989A9}.Release|iPhone.ActiveCfg = Release|Any CPU
		{86BC483B-0D89-463A-B7BF-4F7AD53989A9}.Release|iPhone.Build.0 = Release|Any CPU
		{86BC483B-0D89-463A-B7BF-4F7AD53989A9}.Release|iPhoneSimulator.ActiveCfg = Release|Any CPU
		{86BC483B-0D89-463A-B7BF-4F7AD53989A9}.Release|iPhoneSimulator.Build.0 = Release|Any CPU
		{86BC483B-0D89-463A-B7BF-4F7AD53989A9}.Release|x64.ActiveCfg = Release|Any CPU
		{86BC483B-0D89-463A-B7BF-4F7AD53989A9}.Release|x64.Build.0 = Release|Any CPU
		{86BC483B-0D89-463A-B7BF-4F7AD53989A9}.Release|x86.ActiveCfg = Release|Any CPU
		{86BC483B-0D89-463A-B7BF-4F7AD53989A9}.Release|x86.Build.0 = Release|Any CPU
		{42DD3B3A-A933-4B8B-8DEB-AA3777E8EC51}.Ad-Hoc|Any CPU.ActiveCfg = Debug|Any CPU
		{42DD3B3A-A933-4B8B-8DEB-AA3777E8EC51}.Ad-Hoc|Any CPU.Build.0 = Debug|Any CPU
		{42DD3B3A-A933-4B8B-8DEB-AA3777E8EC51}.Ad-Hoc|ARM.ActiveCfg = Debug|Any CPU
		{42DD3B3A-A933-4B8B-8DEB-AA3777E8EC51}.Ad-Hoc|ARM.Build.0 = Debug|Any CPU
		{42DD3B3A-A933-4B8B-8DEB-AA3777E8EC51}.Ad-Hoc|ARM64.ActiveCfg = Debug|Any CPU
		{42DD3B3A-A933-4B8B-8DEB-AA3777E8EC51}.Ad-Hoc|ARM64.Build.0 = Debug|Any CPU
		{42DD3B3A-A933-4B8B-8DEB-AA3777E8EC51}.Ad-Hoc|iPhone.ActiveCfg = Debug|Any CPU
		{42DD3B3A-A933-4B8B-8DEB-AA3777E8EC51}.Ad-Hoc|iPhone.Build.0 = Debug|Any CPU
		{42DD3B3A-A933-4B8B-8DEB-AA3777E8EC51}.Ad-Hoc|iPhoneSimulator.ActiveCfg = Debug|Any CPU
		{42DD3B3A-A933-4B8B-8DEB-AA3777E8EC51}.Ad-Hoc|iPhoneSimulator.Build.0 = Debug|Any CPU
		{42DD3B3A-A933-4B8B-8DEB-AA3777E8EC51}.Ad-Hoc|x64.ActiveCfg = Debug|Any CPU
		{42DD3B3A-A933-4B8B-8DEB-AA3777E8EC51}.Ad-Hoc|x64.Build.0 = Debug|Any CPU
		{42DD3B3A-A933-4B8B-8DEB-AA3777E8EC51}.Ad-Hoc|x86.ActiveCfg = Debug|Any CPU
		{42DD3B3A-A933-4B8B-8DEB-AA3777E8EC51}.Ad-Hoc|x86.Build.0 = Debug|Any CPU
		{42DD3B3A-A933-4B8B-8DEB-AA3777E8EC51}.AppStore|Any CPU.ActiveCfg = Debug|Any CPU
		{42DD3B3A-A933-4B8B-8DEB-AA3777E8EC51}.AppStore|Any CPU.Build.0 = Debug|Any CPU
		{42DD3B3A-A933-4B8B-8DEB-AA3777E8EC51}.AppStore|ARM.ActiveCfg = Debug|Any CPU
		{42DD3B3A-A933-4B8B-8DEB-AA3777E8EC51}.AppStore|ARM.Build.0 = Debug|Any CPU
		{42DD3B3A-A933-4B8B-8DEB-AA3777E8EC51}.AppStore|ARM64.ActiveCfg = Debug|Any CPU
		{42DD3B3A-A933-4B8B-8DEB-AA3777E8EC51}.AppStore|ARM64.Build.0 = Debug|Any CPU
		{42DD3B3A-A933-4B8B-8DEB-AA3777E8EC51}.AppStore|iPhone.ActiveCfg = Debug|Any CPU
		{42DD3B3A-A933-4B8B-8DEB-AA3777E8EC51}.AppStore|iPhone.Build.0 = Debug|Any CPU
		{42DD3B3A-A933-4B8B-8DEB-AA3777E8EC51}.AppStore|iPhoneSimulator.ActiveCfg = Debug|Any CPU
		{42DD3B3A-A933-4B8B-8DEB-AA3777E8EC51}.AppStore|iPhoneSimulator.Build.0 = Debug|Any CPU
		{42DD3B3A-A933-4B8B-8DEB-AA3777E8EC51}.AppStore|x64.ActiveCfg = Debug|Any CPU
		{42DD3B3A-A933-4B8B-8DEB-AA3777E8EC51}.AppStore|x64.Build.0 = Debug|Any CPU
		{42DD3B3A-A933-4B8B-8DEB-AA3777E8EC51}.AppStore|x86.ActiveCfg = Debug|Any CPU
		{42DD3B3A-A933-4B8B-8DEB-AA3777E8EC51}.AppStore|x86.Build.0 = Debug|Any CPU
		{42DD3B3A-A933-4B8B-8DEB-AA3777E8EC51}.Debug|Any CPU.ActiveCfg = Debug|Any CPU
		{42DD3B3A-A933-4B8B-8DEB-AA3777E8EC51}.Debug|Any CPU.Build.0 = Debug|Any CPU
		{42DD3B3A-A933-4B8B-8DEB-AA3777E8EC51}.Debug|ARM.ActiveCfg = Debug|Any CPU
		{42DD3B3A-A933-4B8B-8DEB-AA3777E8EC51}.Debug|ARM.Build.0 = Debug|Any CPU
		{42DD3B3A-A933-4B8B-8DEB-AA3777E8EC51}.Debug|ARM64.ActiveCfg = Debug|Any CPU
		{42DD3B3A-A933-4B8B-8DEB-AA3777E8EC51}.Debug|ARM64.Build.0 = Debug|Any CPU
		{42DD3B3A-A933-4B8B-8DEB-AA3777E8EC51}.Debug|iPhone.ActiveCfg = Debug|Any CPU
		{42DD3B3A-A933-4B8B-8DEB-AA3777E8EC51}.Debug|iPhone.Build.0 = Debug|Any CPU
		{42DD3B3A-A933-4B8B-8DEB-AA3777E8EC51}.Debug|iPhoneSimulator.ActiveCfg = Debug|Any CPU
		{42DD3B3A-A933-4B8B-8DEB-AA3777E8EC51}.Debug|iPhoneSimulator.Build.0 = Debug|Any CPU
		{42DD3B3A-A933-4B8B-8DEB-AA3777E8EC51}.Debug|x64.ActiveCfg = Debug|Any CPU
		{42DD3B3A-A933-4B8B-8DEB-AA3777E8EC51}.Debug|x64.Build.0 = Debug|Any CPU
		{42DD3B3A-A933-4B8B-8DEB-AA3777E8EC51}.Debug|x86.ActiveCfg = Debug|Any CPU
		{42DD3B3A-A933-4B8B-8DEB-AA3777E8EC51}.Debug|x86.Build.0 = Debug|Any CPU
		{42DD3B3A-A933-4B8B-8DEB-AA3777E8EC51}.Release|Any CPU.ActiveCfg = Release|Any CPU
		{42DD3B3A-A933-4B8B-8DEB-AA3777E8EC51}.Release|Any CPU.Build.0 = Release|Any CPU
		{42DD3B3A-A933-4B8B-8DEB-AA3777E8EC51}.Release|ARM.ActiveCfg = Release|Any CPU
		{42DD3B3A-A933-4B8B-8DEB-AA3777E8EC51}.Release|ARM.Build.0 = Release|Any CPU
		{42DD3B3A-A933-4B8B-8DEB-AA3777E8EC51}.Release|ARM64.ActiveCfg = Release|Any CPU
		{42DD3B3A-A933-4B8B-8DEB-AA3777E8EC51}.Release|ARM64.Build.0 = Release|Any CPU
		{42DD3B3A-A933-4B8B-8DEB-AA3777E8EC51}.Release|iPhone.ActiveCfg = Release|Any CPU
		{42DD3B3A-A933-4B8B-8DEB-AA3777E8EC51}.Release|iPhone.Build.0 = Release|Any CPU
		{42DD3B3A-A933-4B8B-8DEB-AA3777E8EC51}.Release|iPhoneSimulator.ActiveCfg = Release|Any CPU
		{42DD3B3A-A933-4B8B-8DEB-AA3777E8EC51}.Release|iPhoneSimulator.Build.0 = Release|Any CPU
		{42DD3B3A-A933-4B8B-8DEB-AA3777E8EC51}.Release|x64.ActiveCfg = Release|Any CPU
		{42DD3B3A-A933-4B8B-8DEB-AA3777E8EC51}.Release|x64.Build.0 = Release|Any CPU
		{42DD3B3A-A933-4B8B-8DEB-AA3777E8EC51}.Release|x86.ActiveCfg = Release|Any CPU
		{42DD3B3A-A933-4B8B-8DEB-AA3777E8EC51}.Release|x86.Build.0 = Release|Any CPU
	EndGlobalSection
	GlobalSection(SolutionProperties) = preSolution
		HideSolutionNode = FALSE
	EndGlobalSection
	GlobalSection(NestedProjects) = preSolution
		{1DFFCA41-416D-491C-BD1B-0C927E3D024B} = {41235BFE-12E5-4BFA-878F-FE81493808A2}
		{B51398D9-675D-47F3-969F-7F4155890FE5} = {1DACC75F-0497-4374-9C0D-19E9BFBBCE27}
		{6B7B5496-562A-4729-B712-24EC94C69D32} = {1DACC75F-0497-4374-9C0D-19E9BFBBCE27}
		{96990D4B-030B-4F9A-B0CF-1E45F738CC82} = {29ED4A47-0C80-4E62-AFF1-2AC276383E38}
		{DE93A48B-5FD7-421D-8C22-D14AC24AC634} = {29ED4A47-0C80-4E62-AFF1-2AC276383E38}
		{1FFFC914-9C83-42DD-A541-66C254079761} = {29ED4A47-0C80-4E62-AFF1-2AC276383E38}
		{C0E10E5C-F170-437F-9ABE-E57D7E1CCBE1} = {CDDD9413-3366-4E5B-8DC2-62D36875E5F9}
		{3F56A05E-E28E-4474-9525-CB2C5A66F811} = {CDDD9413-3366-4E5B-8DC2-62D36875E5F9}
		{86BC483B-0D89-463A-B7BF-4F7AD53989A9} = {CDDD9413-3366-4E5B-8DC2-62D36875E5F9}
		{42DD3B3A-A933-4B8B-8DEB-AA3777E8EC51} = {7295C492-60BC-4CCD-9708-451E5F7B1DFD}
	EndGlobalSection
	GlobalSection(ExtensibilityGlobals) = postSolution
		SolutionGuid = {54575FF0-0896-490A-97B1-620DC2C39205}
	EndGlobalSection
EndGlobal
